Microsoft Visual Studio Solution File, Format Version 11.00
# Visual Studio 2008

Project("{CA6400C6-6B61-CD51-1C81-31EE43EBDE66}") = "Proj_AVG01", "Assembly-CSharp.csproj", "{6FA98C99-AE1D-CCDA-4896-7423C298850C}"
EndProject
Global
	GlobalSection(SolutionConfigurationPlatforms) = preSolution
		Debug|Any CPU = Debug|Any CPU
		Release|Any CPU = Release|Any CPU
	EndGlobalSection
	GlobalSection(ProjectConfigurationPlatforms) = postSolution
		{6FA98C99-AE1D-CCDA-4896-7423C298850C}.Debug|Any CPU.ActiveCfg = Debug|Any CPU
		{6FA98C99-AE1D-CCDA-4896-7423C298850C}.Debug|Any CPU.Build.0 = Debug|Any CPU
		{6FA98C99-AE1D-CCDA-4896-7423C298850C}.Release|Any CPU.ActiveCfg = Release|Any CPU
		{6FA98C99-AE1D-CCDA-4896-7423C298850C}.Release|Any CPU.Build.0 = Release|Any CPU
	EndGlobalSection
	GlobalSection(SolutionProperties) = preSolution
		HideSolutionNode = FALSE
	EndGlobalSection
	GlobalSection(MonoDevelopProperties) = preSolution
		StartupItem = Assembly-CSharp.csproj
	EndGlobalSection
EndGlobal
